
Microsoft Visual Studio Solution File, Format Version 12.00
# Visual Studio Version 18
VisualStudioVersion = 18.0.11201.2
MinimumVisualStudioVersion = 10.0.40219.1
Project("{2150E333-8FDC-42A3-9474-1A3956D46DE8}") = "Solution Items", "Solution Items", "{089100B1-113F-4E66-888A-E83F3999EAFD}"
	ProjectSection(SolutionItems) = preProject
		CLAUDE.md = CLAUDE.md
		README.md = README.md
	EndProjectSection
EndProject
Project("{D954291E-2A0B-460D-934E-DC6B0785DB48}") = "DrawnUi.Shared", "..\DrawnUi\src\Shared\DrawnUi.Shared.shproj", "{83974207-9636-48DD-BDB3-98EDECBB1107}"
EndProject
Project("{FAE04EC0-301F-11D3-BF4B-00C04F79EFBC}") = "DrawnUi.Maui", "..\DrawnUi\src\Maui\DrawnUi\DrawnUi.Maui.csproj", "{93E119B1-4378-87DF-2DD2-A818D1E6C2A2}"
EndProject
Project("{FAE04EC0-301F-11D3-BF4B-00C04F79EFBC}") = "DrawnUi.Blazor", "..\DrawnUi\src\Blazor\DrawnUi\DrawnUi.Blazor.csproj", "{A600FD05-5DE5-E382-DB79-8E53AD2FED7E}"
EndProject
Project("{D954291E-2A0B-460D-934E-DC6B0785DB48}") = "DrawnUi.SharedNet", "..\DrawnUi\src\SharedNet\DrawnUi.SharedNet.shproj", "{C4D8F2A1-7B3E-4F9C-A8D6-5E1B9F2C8D3A}"
EndProject
Project("{FAE04EC0-301F-11D3-BF4B-00C04F79EFBC}") = "DrawnUi.Net", "..\DrawnUi\src\Net\DrawnUi\DrawnUi.Net.csproj", "{51F7EC60-4642-3A6F-6C99-F6F62233C374}"
EndProject
Project("{FAE04EC0-301F-11D3-BF4B-00C04F79EFBC}") = "DrawnUi.OpenTk", "..\DrawnUi\src\OpenTk\DrawnUi\DrawnUi.OpenTk.csproj", "{ED99DDB0-602D-46F9-AEEF-4AD047BFCE8D}"
EndProject
Project("{FAE04EC0-301F-11D3-BF4B-00C04F79EFBC}") = "DrawnUi.Blazor.Server", "..\DrawnUi\src\Blazor\DrawnUi.Server\DrawnUi.Blazor.Server.csproj", "{75940C51-6D64-C426-B883-E57EFA0A88CB}"
EndProject
Project("{2150E333-8FDC-42A3-9474-1A3956D46DE8}") = "Refs", "Refs", "{9E06E6F0-4214-4D7B-9D29-F26B0B44E84D}"
EndProject
Project("{FAE04EC0-301F-11D3-BF4B-00C04F79EFBC}") = "DrawnUi.Blazor.Wasm", "..\DrawnUi\src\Blazor\DrawnUi.Wasm\DrawnUi.Blazor.Wasm.csproj", "{8D99F129-8B66-1848-BE06-F93F65B0E242}"
EndProject
Project("{FAE04EC0-301F-11D3-BF4B-00C04F79EFBC}") = "DrawnChatList.Maui", "src\Maui\DrawnChatList.Maui.csproj", "{D6714110-A310-B6E1-FC94-D37441470F9B}"
EndProject
Project("{2150E333-8FDC-42A3-9474-1A3956D46DE8}") = "Chat", "Chat", "{72681293-EFFB-42B8-9C52-D1381D71B28F}"
EndProject
Project("{D954291E-2A0B-460D-934E-DC6B0785DB48}") = "DrawnChatList.Shared", "src\Shared\DrawnChatList.Shared.shproj", "{60EF8DBF-E427-472C-9BB6-8D028E4B7900}"
EndProject
Project("{FAE04EC0-301F-11D3-BF4B-00C04F79EFBC}") = "DrawnChatList.OpenTk", "src\OpenTk\DrawnChatList.OpenTk.csproj", "{21B2D714-ECBD-64BA-B96E-717C047572A7}"
EndProject
Project("{FAE04EC0-301F-11D3-BF4B-00C04F79EFBC}") = "DrawnChatList.Blazor", "src\Web\DrawnChatList.Blazor.csproj", "{07EB9E24-E634-760A-3515-C6B93B39EACC}"
EndProject
Project("{FAE04EC0-301F-11D3-BF4B-00C04F79EFBC}") = "FastRepro", "..\DrawnUi\src\Maui\Samples\FastRepro\FastRepro.csproj", "{FB44CA0D-B06C-AD8C-819B-8BDE9F38C854}"
EndProject
Project("{FAE04EC0-301F-11D3-BF4B-00C04F79EFBC}") = "BlazorSandbox", "..\DrawnUi\src\Blazor\Samples\BlazorSandbox\BlazorSandbox.csproj", "{A13410A7-0354-E08E-7284-F989C5C89609}"
EndProject
Project("{FAE04EC0-301F-11D3-BF4B-00C04F79EFBC}") = "AppoMobi.Specials", "..\AppoMobi.Specials\AppoMobi.Specials.csproj", "{04F4F366-70B0-9E9D-81AD-469F664A1769}"
EndProject
Project("{FAE04EC0-301F-11D3-BF4B-00C04F79EFBC}") = "DrawnUiRepro", "..\DrawnUiReproIS\DrawnUiRepro.csproj", "{F201ACD6-AEE7-ED4D-DBFA-50B781BC9609}"
EndProject
Project("{FAE04EC0-301F-11D3-BF4B-00C04F79EFBC}") = "Tutorials", "..\DrawnUi\src\Maui\Samples\Tutorials\Tutorials.csproj", "{10AF30C4-69B5-5732-1921-7D793F7CBCFA}"
EndProject
Project("{FAE04EC0-301F-11D3-BF4B-00C04F79EFBC}") = "VirtualizationHarnessDemo", "..\DrawnUi\src\Net\Samples\VirtualizationHarnessDemo\VirtualizationHarnessDemo.csproj", "{60682D46-4917-F17C-35C7-9202895DF907}"
EndProject
Project("{D954291E-2A0B-460D-934E-DC6B0785DB48}") = "DrawnUi.Shared", "..\DrawnUi\src\Shared\DrawnUi\DrawnUi.Shared.shproj", "{C7C09E4D-077A-4D88-B5FD-0C5AA6E56E07}"
EndProject
Global
	GlobalSection(SolutionConfigurationPlatforms) = preSolution
		Debug|Any CPU = Debug|Any CPU
		Release|Any CPU = Release|Any CPU
	EndGlobalSection
	GlobalSection(ProjectConfigurationPlatforms) = postSolution
		{93E119B1-4378-87DF-2DD2-A818D1E6C2A2}.Debug|Any CPU.ActiveCfg = Debug|Any CPU
		{93E119B1-4378-87DF-2DD2-A818D1E6C2A2}.Debug|Any CPU.Build.0 = Debug|Any CPU
		{93E119B1-4378-87DF-2DD2-A818D1E6C2A2}.Release|Any CPU.ActiveCfg = Release|Any CPU
		{93E119B1-4378-87DF-2DD2-A818D1E6C2A2}.Release|Any CPU.Build.0 = Release|Any CPU
		{A600FD05-5DE5-E382-DB79-8E53AD2FED7E}.Debug|Any CPU.ActiveCfg = Debug|Any CPU
		{A600FD05-5DE5-E382-DB79-8E53AD2FED7E}.Debug|Any CPU.Build.0 = Debug|Any CPU
		{A600FD05-5DE5-E382-DB79-8E53AD2FED7E}.Release|Any CPU.ActiveCfg = Release|Any CPU
		{A600FD05-5DE5-E382-DB79-8E53AD2FED7E}.Release|Any CPU.Build.0 = Release|Any CPU
		{51F7EC60-4642-3A6F-6C99-F6F62233C374}.Debug|Any CPU.ActiveCfg = Debug|Any CPU
		{51F7EC60-4642-3A6F-6C99-F6F62233C374}.Debug|Any CPU.Build.0 = Debug|Any CPU
		{51F7EC60-4642-3A6F-6C99-F6F62233C374}.Release|Any CPU.ActiveCfg = Release|Any CPU
		{51F7EC60-4642-3A6F-6C99-F6F62233C374}.Release|Any CPU.Build.0 = Release|Any CPU
		{ED99DDB0-602D-46F9-AEEF-4AD047BFCE8D}.Debug|Any CPU.ActiveCfg = Debug|Any CPU
		{ED99DDB0-602D-46F9-AEEF-4AD047BFCE8D}.Debug|Any CPU.Build.0 = Debug|Any CPU
		{ED99DDB0-602D-46F9-AEEF-4AD047BFCE8D}.Release|Any CPU.ActiveCfg = Release|Any CPU
		{ED99DDB0-602D-46F9-AEEF-4AD047BFCE8D}.Release|Any CPU.Build.0 = Release|Any CPU
		{75940C51-6D64-C426-B883-E57EFA0A88CB}.Debug|Any CPU.ActiveCfg = Debug|Any CPU
		{75940C51-6D64-C426-B883-E57EFA0A88CB}.Debug|Any CPU.Build.0 = Debug|Any CPU
		{75940C51-6D64-C426-B883-E57EFA0A88CB}.Release|Any CPU.ActiveCfg = Release|Any CPU
		{75940C51-6D64-C426-B883-E57EFA0A88CB}.Release|Any CPU.Build.0 = Release|Any CPU
		{8D99F129-8B66-1848-BE06-F93F65B0E242}.Debug|Any CPU.ActiveCfg = Debug|Any CPU
		{8D99F129-8B66-1848-BE06-F93F65B0E242}.Debug|Any CPU.Build.0 = Debug|Any CPU
		{8D99F129-8B66-1848-BE06-F93F65B0E242}.Release|Any CPU.ActiveCfg = Release|Any CPU
		{8D99F129-8B66-1848-BE06-F93F65B0E242}.Release|Any CPU.Build.0 = Release|Any CPU
		{D6714110-A310-B6E1-FC94-D37441470F9B}.Debug|Any CPU.ActiveCfg = Debug|Any CPU
		{D6714110-A310-B6E1-FC94-D37441470F9B}.Debug|Any CPU.Build.0 = Debug|Any CPU
		{D6714110-A310-B6E1-FC94-D37441470F9B}.Debug|Any CPU.Deploy.0 = Debug|Any CPU
		{D6714110-A310-B6E1-FC94-D37441470F9B}.Release|Any CPU.ActiveCfg = Release|Any CPU
		{D6714110-A310-B6E1-FC94-D37441470F9B}.Release|Any CPU.Build.0 = Release|Any CPU
		{21B2D714-ECBD-64BA-B96E-717C047572A7}.Debug|Any CPU.ActiveCfg = Debug|Any CPU
		{21B2D714-ECBD-64BA-B96E-717C047572A7}.Debug|Any CPU.Build.0 = Debug|Any CPU
		{21B2D714-ECBD-64BA-B96E-717C047572A7}.Release|Any CPU.ActiveCfg = Release|Any CPU
		{21B2D714-ECBD-64BA-B96E-717C047572A7}.Release|Any CPU.Build.0 = Release|Any CPU
		{07EB9E24-E634-760A-3515-C6B93B39EACC}.Debug|Any CPU.ActiveCfg = Debug|Any CPU
		{07EB9E24-E634-760A-3515-C6B93B39EACC}.Debug|Any CPU.Build.0 = Debug|Any CPU
		{07EB9E24-E634-760A-3515-C6B93B39EACC}.Release|Any CPU.ActiveCfg = Release|Any CPU
		{07EB9E24-E634-760A-3515-C6B93B39EACC}.Release|Any CPU.Build.0 = Release|Any CPU
		{FB44CA0D-B06C-AD8C-819B-8BDE9F38C854}.Debug|Any CPU.ActiveCfg = Debug|Any CPU
		{FB44CA0D-B06C-AD8C-819B-8BDE9F38C854}.Debug|Any CPU.Build.0 = Debug|Any CPU
		{FB44CA0D-B06C-AD8C-819B-8BDE9F38C854}.Release|Any CPU.ActiveCfg = Release|Any CPU
		{FB44CA0D-B06C-AD8C-819B-8BDE9F38C854}.Release|Any CPU.Build.0 = Release|Any CPU
		{A13410A7-0354-E08E-7284-F989C5C89609}.Debug|Any CPU.ActiveCfg = Debug|Any CPU
		{A13410A7-0354-E08E-7284-F989C5C89609}.Debug|Any CPU.Build.0 = Debug|Any CPU
		{A13410A7-0354-E08E-7284-F989C5C89609}.Release|Any CPU.ActiveCfg = Release|Any CPU
		{A13410A7-0354-E08E-7284-F989C5C89609}.Release|Any CPU.Build.0 = Release|Any CPU
		{04F4F366-70B0-9E9D-81AD-469F664A1769}.Debug|Any CPU.ActiveCfg = Debug|Any CPU
		{04F4F366-70B0-9E9D-81AD-469F664A1769}.Debug|Any CPU.Build.0 = Debug|Any CPU
		{04F4F366-70B0-9E9D-81AD-469F664A1769}.Release|Any CPU.ActiveCfg = Release|Any CPU
		{04F4F366-70B0-9E9D-81AD-469F664A1769}.Release|Any CPU.Build.0 = Release|Any CPU
		{F201ACD6-AEE7-ED4D-DBFA-50B781BC9609}.Debug|Any CPU.ActiveCfg = Debug|Any CPU
		{F201ACD6-AEE7-ED4D-DBFA-50B781BC9609}.Debug|Any CPU.Build.0 = Debug|Any CPU
		{F201ACD6-AEE7-ED4D-DBFA-50B781BC9609}.Debug|Any CPU.Deploy.0 = Debug|Any CPU
		{F201ACD6-AEE7-ED4D-DBFA-50B781BC9609}.Release|Any CPU.ActiveCfg = Release|Any CPU
		{F201ACD6-AEE7-ED4D-DBFA-50B781BC9609}.Release|Any CPU.Build.0 = Release|Any CPU
		{10AF30C4-69B5-5732-1921-7D793F7CBCFA}.Debug|Any CPU.ActiveCfg = Debug|Any CPU
		{10AF30C4-69B5-5732-1921-7D793F7CBCFA}.Debug|Any CPU.Build.0 = Debug|Any CPU
		{10AF30C4-69B5-5732-1921-7D793F7CBCFA}.Release|Any CPU.ActiveCfg = Release|Any CPU
		{10AF30C4-69B5-5732-1921-7D793F7CBCFA}.Release|Any CPU.Build.0 = Release|Any CPU
		{60682D46-4917-F17C-35C7-9202895DF907}.Debug|Any CPU.ActiveCfg = Debug|Any CPU
		{60682D46-4917-F17C-35C7-9202895DF907}.Debug|Any CPU.Build.0 = Debug|Any CPU
		{60682D46-4917-F17C-35C7-9202895DF907}.Release|Any CPU.ActiveCfg = Release|Any CPU
		{60682D46-4917-F17C-35C7-9202895DF907}.Release|Any CPU.Build.0 = Release|Any CPU
	EndGlobalSection
	GlobalSection(SolutionProperties) = preSolution
		HideSolutionNode = FALSE
	EndGlobalSection
	GlobalSection(NestedProjects) = preSolution
		{83974207-9636-48DD-BDB3-98EDECBB1107} = {9E06E6F0-4214-4D7B-9D29-F26B0B44E84D}
		{93E119B1-4378-87DF-2DD2-A818D1E6C2A2} = {9E06E6F0-4214-4D7B-9D29-F26B0B44E84D}
		{A600FD05-5DE5-E382-DB79-8E53AD2FED7E} = {9E06E6F0-4214-4D7B-9D29-F26B0B44E84D}
		{C4D8F2A1-7B3E-4F9C-A8D6-5E1B9F2C8D3A} = {9E06E6F0-4214-4D7B-9D29-F26B0B44E84D}
		{51F7EC60-4642-3A6F-6C99-F6F62233C374} = {9E06E6F0-4214-4D7B-9D29-F26B0B44E84D}
		{ED99DDB0-602D-46F9-AEEF-4AD047BFCE8D} = {9E06E6F0-4214-4D7B-9D29-F26B0B44E84D}
		{75940C51-6D64-C426-B883-E57EFA0A88CB} = {9E06E6F0-4214-4D7B-9D29-F26B0B44E84D}
		{8D99F129-8B66-1848-BE06-F93F65B0E242} = {9E06E6F0-4214-4D7B-9D29-F26B0B44E84D}
		{D6714110-A310-B6E1-FC94-D37441470F9B} = {72681293-EFFB-42B8-9C52-D1381D71B28F}
		{60EF8DBF-E427-472C-9BB6-8D028E4B7900} = {72681293-EFFB-42B8-9C52-D1381D71B28F}
		{21B2D714-ECBD-64BA-B96E-717C047572A7} = {72681293-EFFB-42B8-9C52-D1381D71B28F}
		{07EB9E24-E634-760A-3515-C6B93B39EACC} = {72681293-EFFB-42B8-9C52-D1381D71B28F}
		{FB44CA0D-B06C-AD8C-819B-8BDE9F38C854} = {72681293-EFFB-42B8-9C52-D1381D71B28F}
		{A13410A7-0354-E08E-7284-F989C5C89609} = {72681293-EFFB-42B8-9C52-D1381D71B28F}
		{04F4F366-70B0-9E9D-81AD-469F664A1769} = {9E06E6F0-4214-4D7B-9D29-F26B0B44E84D}
		{F201ACD6-AEE7-ED4D-DBFA-50B781BC9609} = {72681293-EFFB-42B8-9C52-D1381D71B28F}
		{10AF30C4-69B5-5732-1921-7D793F7CBCFA} = {72681293-EFFB-42B8-9C52-D1381D71B28F}
		{60682D46-4917-F17C-35C7-9202895DF907} = {72681293-EFFB-42B8-9C52-D1381D71B28F}
		{C7C09E4D-077A-4D88-B5FD-0C5AA6E56E07} = {9E06E6F0-4214-4D7B-9D29-F26B0B44E84D}
	EndGlobalSection
	GlobalSection(ExtensibilityGlobals) = postSolution
		SolutionGuid = {329E3D0C-A3F7-4A3E-B61C-6B2D1BD7F708}
	EndGlobalSection
	GlobalSection(SharedMSBuildProjectFiles) = preSolution
		src\Shared\DrawnChatList.Shared.projitems*{07eb9e24-e634-760a-3515-c6b93b39eacc}*SharedItemsImports = 5
		src\Shared\DrawnChatList.Shared.projitems*{21b2d714-ecbd-64ba-b96e-717c047572a7}*SharedItemsImports = 5
		..\DrawnUi\src\Shared\DrawnUi\Shared.projitems*{51f7ec60-4642-3a6f-6c99-f6f62233c374}*SharedItemsImports = 5
		src\Shared\DrawnChatList.Shared.projitems*{60682d46-4917-f17c-35c7-9202895df907}*SharedItemsImports = 5
		src\Shared\DrawnChatList.Shared.projitems*{60ef8dbf-e427-472c-9bb6-8d028e4b7900}*SharedItemsImports = 13
		..\DrawnUi\src\Shared\Shared.projitems*{83974207-9636-48dd-bdb3-98edecbb1107}*SharedItemsImports = 13
		..\DrawnUi\src\Shared\DrawnUi\Shared.projitems*{93e119b1-4378-87df-2dd2-a818d1e6c2a2}*SharedItemsImports = 5
		..\DrawnUi\src\Shared\Shared.projitems*{a600fd05-5de5-e382-db79-8e53ad2fed7e}*SharedItemsImports = 5
		..\DrawnUi\src\SharedNet\SharedNet.projitems*{c4d8f2a1-7b3e-4f9c-a8d6-5e1b9f2c8d3a}*SharedItemsImports = 13
		..\DrawnUi\src\Shared\DrawnUi\Shared.projitems*{c7c09e4d-077a-4d88-b5fd-0c5aa6e56e07}*SharedItemsImports = 13
		src\Shared\DrawnChatList.Shared.projitems*{d6714110-a310-b6e1-fc94-d37441470f9b}*SharedItemsImports = 5
		..\DrawnUi\src\Shared\DrawnUi\Shared.projitems*{ed99ddb0-602d-46f9-aeef-4ad047bfce8d}*SharedItemsImports = 5
	EndGlobalSection
EndGlobal
